
Microsoft Visual Studio Solution File, Format Version 12.00
# Visual Studio Version 17
VisualStudioVersion = 17.7.34024.191
MinimumVisualStudioVersion = 10.0.40219.1
Project("{9A19103F-16F7-4668-BE54-9A1E7A4F7556}") = "Fundoo", "Fundoo.csproj", "{44DC1286-BF81-457E-9773-5B3314C7A1F4}"
EndProject
Project("{9A19103F-16F7-4668-BE54-9A1E7A4F7556}") = "BusinessLayer", "..\BusinessLayer\BusinessLayer.csproj", "{AF7E590D-C8DD-4E5E-81FD-1A68F8B399E3}"
EndProject
Project("{9A19103F-16F7-4668-BE54-9A1E7A4F7556}") = "RepositoryLayer", "..\RepositoryLayer\RepositoryLayer.csproj", "{100D87DF-5B4D-4741-8B20-F3FDE53F7074}"
EndProject
Project("{9A19103F-16F7-4668-BE54-9A1E7A4F7556}") = "ModelLayer", "..\ModelLayer\ModelLayer.csproj", "{62E10D97-FF19-4A70-A895-477B7E0820C3}"
EndProject
Project("{9A19103F-16F7-4668-BE54-9A1E7A4F7556}") = "RabbitMQConsumer", "..\RabbitMQConsumer\RabbitMQConsumer.csproj", "{B6A2A2D6-A5E7-45FA-A3AC-4C084AC3AA15}"
EndProject
Project("{FAE04EC0-301F-11D3-BF4B-00C04F79EFBC}") = "KafkaConsumer", "..\KafkaConsumer\KafkaConsumer.csproj", "{69080EA8-C0A5-44EE-BCB5-612C9AFCF115}"
EndProject
Project("{FAE04EC0-301F-11D3-BF4B-00C04F79EFBC}") = "KafkaConsumer2", "..\KafkaConsumer2\KafkaConsumer2.csproj", "{C11CA504-6AAD-4C20-BB76-50D8915FC6F6}"
EndProject
Project("{FAE04EC0-301F-11D3-BF4B-00C04F79EFBC}") = "KafkaConsumer3", "..\KafkaConsumer3\KafkaConsumer3.csproj", "{FD64128B-F570-4018-BFB9-DA615AA6566A}"
EndProject
Global
	GlobalSection(SolutionConfigurationPlatforms) = preSolution
		Debug|Any CPU = Debug|Any CPU
		Release|Any CPU = Release|Any CPU
	EndGlobalSection
	GlobalSection(ProjectConfigurationPlatforms) = postSolution
		{44DC1286-BF81-457E-9773-5B3314C7A1F4}.Debug|Any CPU.ActiveCfg = Debug|Any CPU
		{44DC1286-BF81-457E-9773-5B3314C7A1F4}.Debug|Any CPU.Build.0 = Debug|Any CPU
		{44DC1286-BF81-457E-9773-5B3314C7A1F4}.Release|Any CPU.ActiveCfg = Release|Any CPU
		{44DC1286-BF81-457E-9773-5B3314C7A1F4}.Release|Any CPU.Build.0 = Release|Any CPU
		{AF7E590D-C8DD-4E5E-81FD-1A68F8B399E3}.Debug|Any CPU.ActiveCfg = Debug|Any CPU
		{AF7E590D-C8DD-4E5E-81FD-1A68F8B399E3}.Debug|Any CPU.Build.0 = Debug|Any CPU
		{AF7E590D-C8DD-4E5E-81FD-1A68F8B399E3}.Release|Any CPU.ActiveCfg = Release|Any CPU
		{AF7E590D-C8DD-4E5E-81FD-1A68F8B399E3}.Release|Any CPU.Build.0 = Release|Any CPU
		{100D87DF-5B4D-4741-8B20-F3FDE53F7074}.Debug|Any CPU.ActiveCfg = Debug|Any CPU
		{100D87DF-5B4D-4741-8B20-F3FDE53F7074}.Debug|Any CPU.Build.0 = Debug|Any CPU
		{100D87DF-5B4D-4741-8B20-F3FDE53F7074}.Release|Any CPU.ActiveCfg = Release|Any CPU
		{100D87DF-5B4D-4741-8B20-F3FDE53F7074}.Release|Any CPU.Build.0 = Release|Any CPU
		{62E10D97-FF19-4A70-A895-477B7E0820C3}.Debug|Any CPU.ActiveCfg = Debug|Any CPU
		{62E10D97-FF19-4A70-A895-477B7E0820C3}.Debug|Any CPU.Build.0 = Debug|Any CPU
		{62E10D97-FF19-4A70-A895-477B7E0820C3}.Release|Any CPU.ActiveCfg = Release|Any CPU
		{62E10D97-FF19-4A70-A895-477B7E0820C3}.Release|Any CPU.Build.0 = Release|Any CPU
		{B6A2A2D6-A5E7-45FA-A3AC-4C084AC3AA15}.Debug|Any CPU.ActiveCfg = Debug|Any CPU
		{B6A2A2D6-A5E7-45FA-A3AC-4C084AC3AA15}.Debug|Any CPU.Build.0 = Debug|Any CPU
		{B6A2A2D6-A5E7-45FA-A3AC-4C084AC3AA15}.Release|Any CPU.ActiveCfg = Release|Any CPU
		{B6A2A2D6-A5E7-45FA-A3AC-4C084AC3AA15}.Release|Any CPU.Build.0 = Release|Any CPU
		{69080EA8-C0A5-44EE-BCB5-612C9AFCF115}.Debug|Any CPU.ActiveCfg = Debug|Any CPU
		{69080EA8-C0A5-44EE-BCB5-612C9AFCF115}.Debug|Any CPU.Build.0 = Debug|Any CPU
		{69080EA8-C0A5-44EE-BCB5-612C9AFCF115}.Release|Any CPU.ActiveCfg = Release|Any CPU
		{69080EA8-C0A5-44EE-BCB5-612C9AFCF115}.Release|Any CPU.Build.0 = Release|Any CPU
		{C11CA504-6AAD-4C20-BB76-50D8915FC6F6}.Debug|Any CPU.ActiveCfg = Debug|Any CPU
		{C11CA504-6AAD-4C20-BB76-50D8915FC6F6}.Debug|Any CPU.Build.0 = Debug|Any CPU
		{C11CA504-6AAD-4C20-BB76-50D8915FC6F6}.Release|Any CPU.ActiveCfg = Release|Any CPU
		{C11CA504-6AAD-4C20-BB76-50D8915FC6F6}.Release|Any CPU.Build.0 = Release|Any CPU
		{FD64128B-F570-4018-BFB9-DA615AA6566A}.Debug|Any CPU.ActiveCfg = Debug|Any CPU
		{FD64128B-F570-4018-BFB9-DA615AA6566A}.Debug|Any CPU.Build.0 = Debug|Any CPU
		{FD64128B-F570-4018-BFB9-DA615AA6566A}.Release|Any CPU.ActiveCfg = Release|Any CPU
		{FD64128B-F570-4018-BFB9-DA615AA6566A}.Release|Any CPU.Build.0 = Release|Any CPU
	EndGlobalSection
	GlobalSection(SolutionProperties) = preSolution
		HideSolutionNode = FALSE
	EndGlobalSection
	GlobalSection(ExtensibilityGlobals) = postSolution
		SolutionGuid = {A52BAA31-C325-4687-A625-A418F1B0F90E}
	EndGlobalSection
EndGlobal
